// !$*UTF8*$!
{
	archiveVersion = 1;
	classes = {
	};
	objectVersion = 56;
	objects = {

/* Begin PBXBuildFile section */
		5315DA252934F27B006305BC /* afrodite.json in Resources */ = {isa = PBXBuildFile; fileRef = 5315DA242934F27B006305BC /* afrodite.json */; };
		5318134B293A243C00E59672 /* TitleLabelsView.swift in Sources */ = {isa = PBXBuildFile; fileRef = 5318134A293A243C00E59672 /* TitleLabelsView.swift */; };
		535FABE32936E02A00034314 /* MainScreenController.swift in Sources */ = {isa = PBXBuildFile; fileRef = 535FABE22936E02A00034314 /* MainScreenController.swift */; };
		535FABE52936E03E00034314 /* MainScreenView.swift in Sources */ = {isa = PBXBuildFile; fileRef = 535FABE42936E03E00034314 /* MainScreenView.swift */; };
		5389866A293F86C600012F9A /* TableViewController.swift in Sources */ = {isa = PBXBuildFile; fileRef = 53898669293F86C600012F9A /* TableViewController.swift */; };
		5389866E293F8C1800012F9A /* ListIngredients.json in Resources */ = {isa = PBXBuildFile; fileRef = 5389866D293F8C1800012F9A /* ListIngredients.json */; };
		538986712940B6C300012F9A /* ViewCoding.swift in Sources */ = {isa = PBXBuildFile; fileRef = 538986702940B6C300012F9A /* ViewCoding.swift */; };
		53B6DE82293E24C6003CDD7C /* SearchBarController.swift in Sources */ = {isa = PBXBuildFile; fileRef = 53B6DE81293E24C6003CDD7C /* SearchBarController.swift */; };
		53B6DE84293E3028003CDD7C /* ButtonSearchRecepe.swift in Sources */ = {isa = PBXBuildFile; fileRef = 53B6DE83293E3028003CDD7C /* ButtonSearchRecepe.swift */; };
		53C0E7A82937CE1800F5960C /* NoIngredientsView.swift in Sources */ = {isa = PBXBuildFile; fileRef = 53C0E7A72937CE1800F5960C /* NoIngredientsView.swift */; };
		53C672B02930FA6B004DEEE7 /* ModelJson.swift in Sources */ = {isa = PBXBuildFile; fileRef = 53C672AF2930FA6B004DEEE7 /* ModelJson.swift */; };
		53C672B22930FB0E004DEEE7 /* JSONManager.swift in Sources */ = {isa = PBXBuildFile; fileRef = 53C672B12930FB0E004DEEE7 /* JSONManager.swift */; };
		985986A7292BB850007A3807 /* AppDelegate.swift in Sources */ = {isa = PBXBuildFile; fileRef = 985986A6292BB850007A3807 /* AppDelegate.swift */; };
		985986A9292BB850007A3807 /* SceneDelegate.swift in Sources */ = {isa = PBXBuildFile; fileRef = 985986A8292BB850007A3807 /* SceneDelegate.swift */; };
		985986AB292BB850007A3807 /* ViewController.swift in Sources */ = {isa = PBXBuildFile; fileRef = 985986AA292BB850007A3807 /* ViewController.swift */; };
		985986B0292BB851007A3807 /* Assets.xcassets in Resources */ = {isa = PBXBuildFile; fileRef = 985986AF292BB851007A3807 /* Assets.xcassets */; };
		985986B3292BB851007A3807 /* LaunchScreen.storyboard in Resources */ = {isa = PBXBuildFile; fileRef = 985986B1292BB851007A3807 /* LaunchScreen.storyboard */; };
/* End PBXBuildFile section */

/* Begin PBXFileReference section */
		5315DA242934F27B006305BC /* afrodite.json */ = {isa = PBXFileReference; fileEncoding = 4; lastKnownFileType = text.json; path = afrodite.json; sourceTree = "<group>"; };
		5318134A293A243C00E59672 /* TitleLabelsView.swift */ = {isa = PBXFileReference; lastKnownFileType = sourcecode.swift; path = TitleLabelsView.swift; sourceTree = "<group>"; };
		535FABE22936E02A00034314 /* MainScreenController.swift */ = {isa = PBXFileReference; lastKnownFileType = sourcecode.swift; path = MainScreenController.swift; sourceTree = "<group>"; };
		535FABE42936E03E00034314 /* MainScreenView.swift */ = {isa = PBXFileReference; lastKnownFileType = sourcecode.swift; path = MainScreenView.swift; sourceTree = "<group>"; };
		53898669293F86C600012F9A /* TableViewController.swift */ = {isa = PBXFileReference; lastKnownFileType = sourcecode.swift; path = TableViewController.swift; sourceTree = "<group>"; };
		5389866D293F8C1800012F9A /* ListIngredients.json */ = {isa = PBXFileReference; fileEncoding = 4; lastKnownFileType = text.json; path = ListIngredients.json; sourceTree = "<group>"; };
		538986702940B6C300012F9A /* ViewCoding.swift */ = {isa = PBXFileReference; lastKnownFileType = sourcecode.swift; path = ViewCoding.swift; sourceTree = "<group>"; };
		53B6DE81293E24C6003CDD7C /* SearchBarController.swift */ = {isa = PBXFileReference; lastKnownFileType = sourcecode.swift; path = SearchBarController.swift; sourceTree = "<group>"; };
		53B6DE83293E3028003CDD7C /* ButtonSearchRecepe.swift */ = {isa = PBXFileReference; lastKnownFileType = sourcecode.swift; path = ButtonSearchRecepe.swift; sourceTree = "<group>"; };
		53C0E7A72937CE1800F5960C /* NoIngredientsView.swift */ = {isa = PBXFileReference; lastKnownFileType = sourcecode.swift; path = NoIngredientsView.swift; sourceTree = "<group>"; };
		53C672AF2930FA6B004DEEE7 /* ModelJson.swift */ = {isa = PBXFileReference; lastKnownFileType = sourcecode.swift; path = ModelJson.swift; sourceTree = "<group>"; };
		53C672B12930FB0E004DEEE7 /* JSONManager.swift */ = {isa = PBXFileReference; lastKnownFileType = sourcecode.swift; path = JSONManager.swift; sourceTree = "<group>"; };
		985986A3292BB850007A3807 /* Munchies.app */ = {isa = PBXFileReference; explicitFileType = wrapper.application; includeInIndex = 0; path = Munchies.app; sourceTree = BUILT_PRODUCTS_DIR; };
		985986A6292BB850007A3807 /* AppDelegate.swift */ = {isa = PBXFileReference; lastKnownFileType = sourcecode.swift; path = AppDelegate.swift; sourceTree = "<group>"; };
		985986A8292BB850007A3807 /* SceneDelegate.swift */ = {isa = PBXFileReference; lastKnownFileType = sourcecode.swift; path = SceneDelegate.swift; sourceTree = "<group>"; };
		985986AA292BB850007A3807 /* ViewController.swift */ = {isa = PBXFileReference; lastKnownFileType = sourcecode.swift; path = ViewController.swift; sourceTree = "<group>"; };
		985986AF292BB851007A3807 /* Assets.xcassets */ = {isa = PBXFileReference; lastKnownFileType = folder.assetcatalog; path = Assets.xcassets; sourceTree = "<group>"; };
		985986B2292BB851007A3807 /* Base */ = {isa = PBXFileReference; lastKnownFileType = file.storyboard; name = Base; path = Base.lproj/LaunchScreen.storyboard; sourceTree = "<group>"; };
		985986B4292BB851007A3807 /* Info.plist */ = {isa = PBXFileReference; lastKnownFileType = text.plist.xml; path = Info.plist; sourceTree = "<group>"; };
/* End PBXFileReference section */

/* Begin PBXFrameworksBuildPhase section */
		985986A0292BB850007A3807 /* Frameworks */ = {
			isa = PBXFrameworksBuildPhase;
			buildActionMask = 2147483647;
			files = (
			);
			runOnlyForDeploymentPostprocessing = 0;
		};
/* End PBXFrameworksBuildPhase section */

/* Begin PBXGroup section */
		5331EC2F292C5C5D0008565C /* Application */ = {
			isa = PBXGroup;
			children = (
				985986B1292BB851007A3807 /* LaunchScreen.storyboard */,
				985986A8292BB850007A3807 /* SceneDelegate.swift */,
				985986A6292BB850007A3807 /* AppDelegate.swift */,
			);
			path = Application;
			sourceTree = "<group>";
		};
		5331EC30292C5C730008565C /* Source */ = {
			isa = PBXGroup;
			children = (
				5389866F2940B6B600012F9A /* Protocol */,
				53898668293F86A600012F9A /* TableView */,
				535FABE12936DFCB00034314 /* MainScreen */,
				53C672AE2930FA5A004DEEE7 /* JSON */,
				985986AA292BB850007A3807 /* ViewController.swift */,
			);
			path = Source;
			sourceTree = "<group>";
		};
		5331EC31292C5C7D0008565C /* Resource */ = {
			isa = PBXGroup;
			children = (
				985986AF292BB851007A3807 /* Assets.xcassets */,
			);
			path = Resource;
			sourceTree = "<group>";
		};
		535FABE12936DFCB00034314 /* MainScreen */ = {
			isa = PBXGroup;
			children = (
				53C0E7A62937CCC300F5960C /* Components */,
				53B6DE81293E24C6003CDD7C /* SearchBarController.swift */,
				535FABE22936E02A00034314 /* MainScreenController.swift */,
				535FABE42936E03E00034314 /* MainScreenView.swift */,
			);
			path = MainScreen;
			sourceTree = "<group>";
		};
		53898668293F86A600012F9A /* TableView */ = {
			isa = PBXGroup;
			children = (
				53898669293F86C600012F9A /* TableViewController.swift */,
			);
			path = TableView;
			sourceTree = "<group>";
		};
		5389866F2940B6B600012F9A /* Protocol */ = {
			isa = PBXGroup;
			children = (
				538986702940B6C300012F9A /* ViewCoding.swift */,
			);
			path = Protocol;
			sourceTree = "<group>";
		};
		53C0E7A62937CCC300F5960C /* Components */ = {
			isa = PBXGroup;
			children = (
				53C0E7A72937CE1800F5960C /* NoIngredientsView.swift */,
				5318134A293A243C00E59672 /* TitleLabelsView.swift */,
				53B6DE83293E3028003CDD7C /* ButtonSearchRecepe.swift */,
			);
			path = Components;
			sourceTree = "<group>";
		};
		53C672AE2930FA5A004DEEE7 /* JSON */ = {
			isa = PBXGroup;
			children = (
				53C672AF2930FA6B004DEEE7 /* ModelJson.swift */,
				53C672B12930FB0E004DEEE7 /* JSONManager.swift */,
			);
			path = JSON;
			sourceTree = "<group>";
		};
		9859869A292BB850007A3807 = {
			isa = PBXGroup;
			children = (
				985986A5292BB850007A3807 /* Munchies */,
				985986A4292BB850007A3807 /* Products */,
			);
			sourceTree = "<group>";
		};
		985986A4292BB850007A3807 /* Products */ = {
			isa = PBXGroup;
			children = (
				985986A3292BB850007A3807 /* Munchies.app */,
			);
			name = Products;
			sourceTree = "<group>";
		};
		985986A5292BB850007A3807 /* Munchies */ = {
			isa = PBXGroup;
			children = (
				5389866D293F8C1800012F9A /* ListIngredients.json */,
				5315DA242934F27B006305BC /* afrodite.json */,
				5331EC2F292C5C5D0008565C /* Application */,
				5331EC31292C5C7D0008565C /* Resource */,
				5331EC30292C5C730008565C /* Source */,
				985986B4292BB851007A3807 /* Info.plist */,
			);
			path = Munchies;
			sourceTree = "<group>";
		};
/* End PBXGroup section */

/* Begin PBXNativeTarget section */
		985986A2292BB850007A3807 /* Munchies */ = {
			isa = PBXNativeTarget;
			buildConfigurationList = 985986B7292BB851007A3807 /* Build configuration list for PBXNativeTarget "Munchies" */;
			buildPhases = (
				9859869F292BB850007A3807 /* Sources */,
				985986A0292BB850007A3807 /* Frameworks */,
				985986A1292BB850007A3807 /* Resources */,
				985986BA292BC0E0007A3807 /* ShellScript */,
			);
			buildRules = (
			);
			dependencies = (
			);
			name = Munchies;
			productName = Munchies;
			productReference = 985986A3292BB850007A3807 /* Munchies.app */;
			productType = "com.apple.product-type.application";
		};
/* End PBXNativeTarget section */

/* Begin PBXProject section */
		9859869B292BB850007A3807 /* Project object */ = {
			isa = PBXProject;
			attributes = {
				BuildIndependentTargetsInParallel = 1;
				LastSwiftUpdateCheck = 1410;
				LastUpgradeCheck = 1410;
				TargetAttributes = {
					985986A2292BB850007A3807 = {
						CreatedOnToolsVersion = 14.1;
					};
				};
			};
			buildConfigurationList = 9859869E292BB850007A3807 /* Build configuration list for PBXProject "Munchies" */;
			compatibilityVersion = "Xcode 14.0";
			developmentRegion = en;
			hasScannedForEncodings = 0;
			knownRegions = (
				en,
				Base,
			);
			mainGroup = 9859869A292BB850007A3807;
			productRefGroup = 985986A4292BB850007A3807 /* Products */;
			projectDirPath = "";
			projectRoot = "";
			targets = (
				985986A2292BB850007A3807 /* Munchies */,
			);
		};
/* End PBXProject section */

/* Begin PBXResourcesBuildPhase section */
		985986A1292BB850007A3807 /* Resources */ = {
			isa = PBXResourcesBuildPhase;
			buildActionMask = 2147483647;
			files = (
				5389866E293F8C1800012F9A /* ListIngredients.json in Resources */,
				985986B3292BB851007A3807 /* LaunchScreen.storyboard in Resources */,
				985986B0292BB851007A3807 /* Assets.xcassets in Resources */,
				5315DA252934F27B006305BC /* afrodite.json in Resources */,
			);
			runOnlyForDeploymentPostprocessing = 0;
		};
/* End PBXResourcesBuildPhase section */

/* Begin PBXShellScriptBuildPhase section */
		985986BA292BC0E0007A3807 /* ShellScript */ = {
			isa = PBXShellScriptBuildPhase;
			buildActionMask = 2147483647;
			files = (
			);
			inputFileListPaths = (
			);
			inputPaths = (
			);
			outputFileListPaths = (
			);
			outputPaths = (
			);
			runOnlyForDeploymentPostprocessing = 0;
			shellPath = /bin/sh;
			shellScript = "export PATH=\"$PATH:/opt/homebrew/bin\"\nif which swiftlint > /dev/null; then\n  swiftlint\nelse\n  echo \"warning: SwiftLint not installed, download from https://github.com/realm/SwiftLint\"\nfi\n";
		};
/* End PBXShellScriptBuildPhase section */

/* Begin PBXSourcesBuildPhase section */
		9859869F292BB850007A3807 /* Sources */ = {
			isa = PBXSourcesBuildPhase;
			buildActionMask = 2147483647;
			files = (
				53C672B22930FB0E004DEEE7 /* JSONManager.swift in Sources */,
				985986AB292BB850007A3807 /* ViewController.swift in Sources */,
				5389866A293F86C600012F9A /* TableViewController.swift in Sources */,
				538986712940B6C300012F9A /* ViewCoding.swift in Sources */,
				53C672B02930FA6B004DEEE7 /* ModelJson.swift in Sources */,
				535FABE32936E02A00034314 /* MainScreenController.swift in Sources */,
				985986A7292BB850007A3807 /* AppDelegate.swift in Sources */,
				5318134B293A243C00E59672 /* TitleLabelsView.swift in Sources */,
				985986A9292BB850007A3807 /* SceneDelegate.swift in Sources */,
				535FABE52936E03E00034314 /* MainScreenView.swift in Sources */,
				53B6DE84293E3028003CDD7C /* ButtonSearchRecepe.swift in Sources */,
				53B6DE82293E24C6003CDD7C /* SearchBarController.swift in Sources */,
				53C0E7A82937CE1800F5960C /* NoIngredientsView.swift in Sources */,
			);
			runOnlyForDeploymentPostprocessing = 0;
		};
/* End PBXSourcesBuildPhase section */

/* Begin PBXVariantGroup section */
		985986B1292BB851007A3807 /* LaunchScreen.storyboard */ = {
			isa = PBXVariantGroup;
			children = (
				985986B2292BB851007A3807 /* Base */,
			);
			name = LaunchScreen.storyboard;
			sourceTree = "<group>";
		};
/* End PBXVariantGroup section */

/* Begin XCBuildConfiguration section */
		985986B5292BB851007A3807 /* Debug */ = {
			isa = XCBuildConfiguration;
			buildSettings = {
				ALWAYS_SEARCH_USER_PATHS = NO;
				CLANG_ANALYZER_NONNULL = YES;
				CLANG_ANALYZER_NUMBER_OBJECT_CONVERSION = YES_AGGRESSIVE;
				CLANG_CXX_LANGUAGE_STANDARD = "gnu++20";
				CLANG_ENABLE_MODULES = YES;
				CLANG_ENABLE_OBJC_ARC = YES;
				CLANG_ENABLE_OBJC_WEAK = YES;
				CLANG_WARN_BLOCK_CAPTURE_AUTORELEASING = YES;
				CLANG_WARN_BOOL_CONVERSION = YES;
				CLANG_WARN_COMMA = YES;
				CLANG_WARN_CONSTANT_CONVERSION = YES;
				CLANG_WARN_DEPRECATED_OBJC_IMPLEMENTATIONS = YES;
				CLANG_WARN_DIRECT_OBJC_ISA_USAGE = YES_ERROR;
				CLANG_WARN_DOCUMENTATION_COMMENTS = YES;
				CLANG_WARN_EMPTY_BODY = YES;
				CLANG_WARN_ENUM_CONVERSION = YES;
				CLANG_WARN_INFINITE_RECURSION = YES;
				CLANG_WARN_INT_CONVERSION = YES;
				CLANG_WARN_NON_LITERAL_NULL_CONVERSION = YES;
				CLANG_WARN_OBJC_IMPLICIT_RETAIN_SELF = YES;
				CLANG_WARN_OBJC_LITERAL_CONVERSION = YES;
				CLANG_WARN_OBJC_ROOT_CLASS = YES_ERROR;
				CLANG_WARN_QUOTED_INCLUDE_IN_FRAMEWORK_HEADER = YES;
				CLANG_WARN_RANGE_LOOP_ANALYSIS = YES;
				CLANG_WARN_STRICT_PROTOTYPES = YES;
				CLANG_WARN_SUSPICIOUS_MOVE = YES;
				CLANG_WARN_UNGUARDED_AVAILABILITY = YES_AGGRESSIVE;
				CLANG_WARN_UNREACHABLE_CODE = YES;
				CLANG_WARN__DUPLICATE_METHOD_MATCH = YES;
				COPY_PHASE_STRIP = NO;
				DEBUG_INFORMATION_FORMAT = dwarf;
				ENABLE_STRICT_OBJC_MSGSEND = YES;
				ENABLE_TESTABILITY = YES;
				GCC_C_LANGUAGE_STANDARD = gnu11;
				GCC_DYNAMIC_NO_PIC = NO;
				GCC_NO_COMMON_BLOCKS = YES;
				GCC_OPTIMIZATION_LEVEL = 0;
				GCC_PREPROCESSOR_DEFINITIONS = (
					"DEBUG=1",
					"$(inherited)",
				);
				GCC_WARN_64_TO_32_BIT_CONVERSION = YES;
				GCC_WARN_ABOUT_RETURN_TYPE = YES_ERROR;
				GCC_WARN_UNDECLARED_SELECTOR = YES;
				GCC_WARN_UNINITIALIZED_AUTOS = YES_AGGRESSIVE;
				GCC_WARN_UNUSED_FUNCTION = YES;
				GCC_WARN_UNUSED_VARIABLE = YES;
				IPHONEOS_DEPLOYMENT_TARGET = 16.1;
				MTL_ENABLE_DEBUG_INFO = INCLUDE_SOURCE;
				MTL_FAST_MATH = YES;
				ONLY_ACTIVE_ARCH = YES;
				SDKROOT = iphoneos;
				SWIFT_ACTIVE_COMPILATION_CONDITIONS = DEBUG;
				SWIFT_OPTIMIZATION_LEVEL = "-Onone";
			};
			name = Debug;
		};
		985986B6292BB851007A3807 /* Release */ = {
			isa = XCBuildConfiguration;
			buildSettings = {
				ALWAYS_SEARCH_USER_PATHS = NO;
				CLANG_ANALYZER_NONNULL = YES;
				CLANG_ANALYZER_NUMBER_OBJECT_CONVERSION = YES_AGGRESSIVE;
				CLANG_CXX_LANGUAGE_STANDARD = "gnu++20";
				CLANG_ENABLE_MODULES = YES;
				CLANG_ENABLE_OBJC_ARC = YES;
				CLANG_ENABLE_OBJC_WEAK = YES;
				CLANG_WARN_BLOCK_CAPTURE_AUTORELEASING = YES;
				CLANG_WARN_BOOL_CONVERSION = YES;
				CLANG_WARN_COMMA = YES;
				CLANG_WARN_CONSTANT_CONVERSION = YES;
				CLANG_WARN_DEPRECATED_OBJC_IMPLEMENTATIONS = YES;
				CLANG_WARN_DIRECT_OBJC_ISA_USAGE = YES_ERROR;
				CLANG_WARN_DOCUMENTATION_COMMENTS = YES;
				CLANG_WARN_EMPTY_BODY = YES;
				CLANG_WARN_ENUM_CONVERSION = YES;
				CLANG_WARN_INFINITE_RECURSION = YES;
				CLANG_WARN_INT_CONVERSION = YES;
				CLANG_WARN_NON_LITERAL_NULL_CONVERSION = YES;
				CLANG_WARN_OBJC_IMPLICIT_RETAIN_SELF = YES;
				CLANG_WARN_OBJC_LITERAL_CONVERSION = YES;
				CLANG_WARN_OBJC_ROOT_CLASS = YES_ERROR;
				CLANG_WARN_QUOTED_INCLUDE_IN_FRAMEWORK_HEADER = YES;
				CLANG_WARN_RANGE_LOOP_ANALYSIS = YES;
				CLANG_WARN_STRICT_PROTOTYPES = YES;
				CLANG_WARN_SUSPICIOUS_MOVE = YES;
				CLANG_WARN_UNGUARDED_AVAILABILITY = YES_AGGRESSIVE;
				CLANG_WARN_UNREACHABLE_CODE = YES;
				CLANG_WARN__DUPLICATE_METHOD_MATCH = YES;
				COPY_PHASE_STRIP = NO;
				DEBUG_INFORMATION_FORMAT = "dwarf-with-dsym";
				ENABLE_NS_ASSERTIONS = NO;
				ENABLE_STRICT_OBJC_MSGSEND = YES;
				GCC_C_LANGUAGE_STANDARD = gnu11;
				GCC_NO_COMMON_BLOCKS = YES;
				GCC_WARN_64_TO_32_BIT_CONVERSION = YES;
				GCC_WARN_ABOUT_RETURN_TYPE = YES_ERROR;
				GCC_WARN_UNDECLARED_SELECTOR = YES;
				GCC_WARN_UNINITIALIZED_AUTOS = YES_AGGRESSIVE;
				GCC_WARN_UNUSED_FUNCTION = YES;
				GCC_WARN_UNUSED_VARIABLE = YES;
				IPHONEOS_DEPLOYMENT_TARGET = 16.1;
				MTL_ENABLE_DEBUG_INFO = NO;
				MTL_FAST_MATH = YES;
				SDKROOT = iphoneos;
				SWIFT_COMPILATION_MODE = wholemodule;
				SWIFT_OPTIMIZATION_LEVEL = "-O";
				VALIDATE_PRODUCT = YES;
			};
			name = Release;
		};
		985986B8292BB851007A3807 /* Debug */ = {
			isa = XCBuildConfiguration;
			buildSettings = {
				ASSETCATALOG_COMPILER_APPICON_NAME = AppIcon;
				ASSETCATALOG_COMPILER_GLOBAL_ACCENT_COLOR_NAME = AccentColor;
				CODE_SIGN_STYLE = Automatic;
				CURRENT_PROJECT_VERSION = 1;
				DEVELOPMENT_TEAM = 8DK9849PTW;
				GENERATE_INFOPLIST_FILE = YES;
				INFOPLIST_FILE = Munchies/Info.plist;
				INFOPLIST_KEY_UIApplicationSupportsIndirectInputEvents = YES;
				INFOPLIST_KEY_UILaunchStoryboardName = LaunchScreen;
				INFOPLIST_KEY_UISupportedInterfaceOrientations_iPad = "UIInterfaceOrientationPortrait UIInterfaceOrientationPortraitUpsideDown UIInterfaceOrientationLandscapeLeft UIInterfaceOrientationLandscapeRight";
				INFOPLIST_KEY_UISupportedInterfaceOrientations_iPhone = "UIInterfaceOrientationPortrait UIInterfaceOrientationLandscapeLeft UIInterfaceOrientationLandscapeRight";
				IPHONEOS_DEPLOYMENT_TARGET = 16.0;
				LD_RUNPATH_SEARCH_PATHS = (
					"$(inherited)",
					"@executable_path/Frameworks",
				);
				MARKETING_VERSION = 1.0;
				PRODUCT_BUNDLE_IDENTIFIER = learning.Munchies;
				PRODUCT_NAME = "$(TARGET_NAME)";
				SWIFT_EMIT_LOC_STRINGS = YES;
				SWIFT_VERSION = 5.0;
				TARGETED_DEVICE_FAMILY = "1,2";
			};
			name = Debug;
		};
		985986B9292BB851007A3807 /* Release */ = {
			isa = XCBuildConfiguration;
			buildSettings = {
				ASSETCATALOG_COMPILER_APPICON_NAME = AppIcon;
				ASSETCATALOG_COMPILER_GLOBAL_ACCENT_COLOR_NAME = AccentColor;
				CODE_SIGN_STYLE = Automatic;
				CURRENT_PROJECT_VERSION = 1;
				DEVELOPMENT_TEAM = 8DK9849PTW;
				GENERATE_INFOPLIST_FILE = YES;
				INFOPLIST_FILE = Munchies/Info.plist;
				INFOPLIST_KEY_UIApplicationSupportsIndirectInputEvents = YES;
				INFOPLIST_KEY_UILaunchStoryboardName = LaunchScreen;
				INFOPLIST_KEY_UISupportedInterfaceOrientations_iPad = "UIInterfaceOrientationPortrait UIInterfaceOrientationPortraitUpsideDown UIInterfaceOrientationLandscapeLeft UIInterfaceOrientationLandscapeRight";
				INFOPLIST_KEY_UISupportedInterfaceOrientations_iPhone = "UIInterfaceOrientationPortrait UIInterfaceOrientationLandscapeLeft UIInterfaceOrientationLandscapeRight";
				IPHONEOS_DEPLOYMENT_TARGET = 16.0;
				LD_RUNPATH_SEARCH_PATHS = (
					"$(inherited)",
					"@executable_path/Frameworks",
				);
				MARKETING_VERSION = 1.0;
				PRODUCT_BUNDLE_IDENTIFIER = learning.Munchies;
				PRODUCT_NAME = "$(TARGET_NAME)";
				SWIFT_EMIT_LOC_STRINGS = YES;
				SWIFT_VERSION = 5.0;
				TARGETED_DEVICE_FAMILY = "1,2";
			};
			name = Release;
		};
/* End XCBuildConfiguration section */

/* Begin XCConfigurationList section */
		9859869E292BB850007A3807 /* Build configuration list for PBXProject "Munchies" */ = {
			isa = XCConfigurationList;
			buildConfigurations = (
				985986B5292BB851007A3807 /* Debug */,
				985986B6292BB851007A3807 /* Release */,
			);
			defaultConfigurationIsVisible = 0;
			defaultConfigurationName = Release;
		};
		985986B7292BB851007A3807 /* Build configuration list for PBXNativeTarget "Munchies" */ = {
			isa = XCConfigurationList;
			buildConfigurations = (
				985986B8292BB851007A3807 /* Debug */,
				985986B9292BB851007A3807 /* Release */,
			);
			defaultConfigurationIsVisible = 0;
			defaultConfigurationName = Release;
		};
/* End XCConfigurationList section */
	};
	rootObject = 9859869B292BB850007A3807 /* Project object */;
}
